// !$*UTF8*$!
{
	archiveVersion = 1;
	classes = {
	};
	objectVersion = 77;
	objects = {

/* Begin PBXBuildFile section */
		966838B02F808F7100F6C07B /* AppDelegate.swift in Sources */ = {isa = PBXBuildFile; fileRef = 966838AF2F808F7100F6C07B /* AppDelegate.swift */; };
		966838B42F808F7100F6C07B /* Main.html in Resources */ = {isa = PBXBuildFile; fileRef = 966838B22F808F7100F6C07B /* Main.html */; };
		966838B62F808F7100F6C07B /* Icon.png in Resources */ = {isa = PBXBuildFile; fileRef = 966838B52F808F7100F6C07B /* Icon.png */; };
		966838B82F808F7100F6C07B /* Style.css in Resources */ = {isa = PBXBuildFile; fileRef = 966838B72F808F7100F6C07B /* Style.css */; };
		966838BA2F808F7100F6C07B /* Script.js in Resources */ = {isa = PBXBuildFile; fileRef = 966838B92F808F7100F6C07B /* Script.js */; };
		966838BC2F808F7100F6C07B /* ViewController.swift in Sources */ = {isa = PBXBuildFile; fileRef = 966838BB2F808F7100F6C07B /* ViewController.swift */; };
		966838BF2F808F7100F6C07B /* Main.storyboard in Resources */ = {isa = PBXBuildFile; fileRef = 966838BD2F808F7100F6C07B /* Main.storyboard */; };
		966838C12F808F7200F6C07B /* Assets.xcassets in Resources */ = {isa = PBXBuildFile; fileRef = 966838C02F808F7200F6C07B /* Assets.xcassets */; };
		966838C82F808F7200F6C07B /* Isometric Contributions Extension.appex in Embed Foundation Extensions */ = {isa = PBXBuildFile; fileRef = 966838C72F808F7200F6C07B /* Isometric Contributions Extension.appex */; settings = {ATTRIBUTES = (RemoveHeadersOnCopy, ); }; };
		966838CD2F808F7200F6C07B /* SafariWebExtensionHandler.swift in Sources */ = {isa = PBXBuildFile; fileRef = 966838CC2F808F7200F6C07B /* SafariWebExtensionHandler.swift */; };
		966838E22F808F7200F6C07B /* obelisk.min.js in Resources */ = {isa = PBXBuildFile; fileRef = 966838D92F808F7200F6C07B /* obelisk.min.js */; };
		966838E32F808F7200F6C07B /* icon-48.png in Resources */ = {isa = PBXBuildFile; fileRef = 966838DA2F808F7200F6C07B /* icon-48.png */; };
		966838E52F808F7200F6C07B /* iso.js in Resources */ = {isa = PBXBuildFile; fileRef = 966838DC2F808F7200F6C07B /* iso.js */; };
		966838E62F808F7200F6C07B /* iso.css in Resources */ = {isa = PBXBuildFile; fileRef = 966838DD2F808F7200F6C07B /* iso.css */; };
		966838E72F808F7200F6C07B /* manifest.json in Resources */ = {isa = PBXBuildFile; fileRef = 966838DE2F808F7200F6C07B /* manifest.json */; };
		966838EA2F808F7200F6C07B /* icon-128.png in Resources */ = {isa = PBXBuildFile; fileRef = 966838E12F808F7200F6C07B /* icon-128.png */; };
/* End PBXBuildFile section */

/* Begin PBXContainerItemProxy section */
		966838C92F808F7200F6C07B /* PBXContainerItemProxy */ = {
			isa = PBXContainerItemProxy;
			containerPortal = 966838A42F808F7100F6C07B /* Project object */;
			proxyType = 1;
			remoteGlobalIDString = 966838C62F808F7200F6C07B;
			remoteInfo = "Isometric Contributions Extension";
		};
/* End PBXContainerItemProxy section */

/* Begin PBXCopyFilesBuildPhase section */
		966838D42F808F7200F6C07B /* Embed Foundation Extensions */ = {
			isa = PBXCopyFilesBuildPhase;
			buildActionMask = 2147483647;
			dstPath = "";
			dstSubfolderSpec = 13;
			files = (
				966838C82F808F7200F6C07B /* Isometric Contributions Extension.appex in Embed Foundation Extensions */,
			);
			name = "Embed Foundation Extensions";
			runOnlyForDeploymentPostprocessing = 0;
		};
/* End PBXCopyFilesBuildPhase section */

/* Begin PBXFileReference section */
		966838AC2F808F7100F6C07B /* Isometric Contributions.app */ = {isa = PBXFileReference; explicitFileType = wrapper.application; includeInIndex = 0; path = "Isometric Contributions.app"; sourceTree = BUILT_PRODUCTS_DIR; };
		966838AF2F808F7100F6C07B /* AppDelegate.swift */ = {isa = PBXFileReference; lastKnownFileType = sourcecode.swift; path = AppDelegate.swift; sourceTree = "<group>"; };
		966838B32F808F7100F6C07B /* Base */ = {isa = PBXFileReference; lastKnownFileType = text.html; name = Base; path = Base.lproj/Main.html; sourceTree = "<group>"; };
		966838B52F808F7100F6C07B /* Icon.png */ = {isa = PBXFileReference; lastKnownFileType = image.png; path = Icon.png; sourceTree = "<group>"; };
		966838B72F808F7100F6C07B /* Style.css */ = {isa = PBXFileReference; lastKnownFileType = text.css; path = Style.css; sourceTree = "<group>"; };
		966838B92F808F7100F6C07B /* Script.js */ = {isa = PBXFileReference; lastKnownFileType = sourcecode.javascript; path = Script.js; sourceTree = "<group>"; };
		966838BB2F808F7100F6C07B /* ViewController.swift */ = {isa = PBXFileReference; lastKnownFileType = sourcecode.swift; path = ViewController.swift; sourceTree = "<group>"; };
		966838BE2F808F7100F6C07B /* Base */ = {isa = PBXFileReference; lastKnownFileType = file.storyboard; name = Base; path = Base.lproj/Main.storyboard; sourceTree = "<group>"; };
		966838C02F808F7200F6C07B /* Assets.xcassets */ = {isa = PBXFileReference; lastKnownFileType = folder.assetcatalog; path = Assets.xcassets; sourceTree = "<group>"; };
		966838C22F808F7200F6C07B /* Info.plist */ = {isa = PBXFileReference; lastKnownFileType = text.plist.xml; path = Info.plist; sourceTree = "<group>"; };
		966838C72F808F7200F6C07B /* Isometric Contributions Extension.appex */ = {isa = PBXFileReference; explicitFileType = "wrapper.app-extension"; includeInIndex = 0; path = "Isometric Contributions Extension.appex"; sourceTree = BUILT_PRODUCTS_DIR; };
		966838CC2F808F7200F6C07B /* SafariWebExtensionHandler.swift */ = {isa = PBXFileReference; lastKnownFileType = sourcecode.swift; path = SafariWebExtensionHandler.swift; sourceTree = "<group>"; };
		966838CE2F808F7200F6C07B /* Info.plist */ = {isa = PBXFileReference; lastKnownFileType = text.plist.xml; path = Info.plist; sourceTree = "<group>"; };
		966838D92F808F7200F6C07B /* obelisk.min.js */ = {isa = PBXFileReference; lastKnownFileType = sourcecode.javascript; name = obelisk.min.js; path = Resources/obelisk.min.js; sourceTree = "<group>"; };
		966838DA2F808F7200F6C07B /* icon-48.png */ = {isa = PBXFileReference; lastKnownFileType = image.png; name = "icon-48.png"; path = "Resources/icon-48.png"; sourceTree = "<group>"; };
		966838DC2F808F7200F6C07B /* iso.js */ = {isa = PBXFileReference; lastKnownFileType = sourcecode.javascript; name = iso.js; path = Resources/iso.js; sourceTree = "<group>"; };
		966838DD2F808F7200F6C07B /* iso.css */ = {isa = PBXFileReference; lastKnownFileType = text.css; name = iso.css; path = Resources/iso.css; sourceTree = "<group>"; };
		966838DE2F808F7200F6C07B /* manifest.json */ = {isa = PBXFileReference; lastKnownFileType = text.json; name = manifest.json; path = Resources/manifest.json; sourceTree = "<group>"; };
		966838E12F808F7200F6C07B /* icon-128.png */ = {isa = PBXFileReference; lastKnownFileType = image.png; name = "icon-128.png"; path = "Resources/icon-128.png"; sourceTree = "<group>"; };
/* End PBXFileReference section */

/* Begin PBXFrameworksBuildPhase section */
		966838A92F808F7100F6C07B /* Frameworks */ = {
			isa = PBXFrameworksBuildPhase;
			buildActionMask = 2147483647;
			files = (
			);
			runOnlyForDeploymentPostprocessing = 0;
		};
		966838C42F808F7200F6C07B /* Frameworks */ = {
			isa = PBXFrameworksBuildPhase;
			buildActionMask = 2147483647;
			files = (
			);
			runOnlyForDeploymentPostprocessing = 0;
		};
/* End PBXFrameworksBuildPhase section */

/* Begin PBXGroup section */
		966838A32F808F7100F6C07B = {
			isa = PBXGroup;
			children = (
				966838AE2F808F7100F6C07B /* Isometric Contributions */,
				966838CB2F808F7200F6C07B /* Isometric Contributions Extension */,
				966838AD2F808F7100F6C07B /* Products */,
			);
			sourceTree = "<group>";
		};
		966838AD2F808F7100F6C07B /* Products */ = {
			isa = PBXGroup;
			children = (
				966838AC2F808F7100F6C07B /* Isometric Contributions.app */,
				966838C72F808F7200F6C07B /* Isometric Contributions Extension.appex */,
			);
			name = Products;
			sourceTree = "<group>";
		};
		966838AE2F808F7100F6C07B /* Isometric Contributions */ = {
			isa = PBXGroup;
			children = (
				966838AF2F808F7100F6C07B /* AppDelegate.swift */,
				966838BB2F808F7100F6C07B /* ViewController.swift */,
				966838BD2F808F7100F6C07B /* Main.storyboard */,
				966838C02F808F7200F6C07B /* Assets.xcassets */,
				966838C22F808F7200F6C07B /* Info.plist */,
				966838B12F808F7100F6C07B /* Resources */,
			);
			path = "Isometric Contributions";
			sourceTree = "<group>";
		};
		966838B12F808F7100F6C07B /* Resources */ = {
			isa = PBXGroup;
			children = (
				966838B22F808F7100F6C07B /* Main.html */,
				966838B52F808F7100F6C07B /* Icon.png */,
				966838B72F808F7100F6C07B /* Style.css */,
				966838B92F808F7100F6C07B /* Script.js */,
			);
			path = Resources;
			sourceTree = "<group>";
		};
		966838CB2F808F7200F6C07B /* Isometric Contributions Extension */ = {
			isa = PBXGroup;
			children = (
				966838D82F808F7200F6C07B /* Resources */,
				966838CC2F808F7200F6C07B /* SafariWebExtensionHandler.swift */,
				966838CE2F808F7200F6C07B /* Info.plist */,
			);
			path = "Isometric Contributions Extension";
			sourceTree = "<group>";
		};
		966838D82F808F7200F6C07B /* Resources */ = {
			isa = PBXGroup;
			children = (
				966838D92F808F7200F6C07B /* obelisk.min.js */,
				966838DA2F808F7200F6C07B /* icon-48.png */,
				966838DC2F808F7200F6C07B /* iso.js */,
				966838DD2F808F7200F6C07B /* iso.css */,
				966838DE2F808F7200F6C07B /* manifest.json */,
				966838E12F808F7200F6C07B /* icon-128.png */,
			);
			name = Resources;
			path = "Isometric Contributions Extension";
			sourceTree = SOURCE_ROOT;
		};
/* End PBXGroup section */

/* Begin PBXNativeTarget section */
		966838AB2F808F7100F6C07B /* Isometric Contributions */ = {
			isa = PBXNativeTarget;
			buildConfigurationList = 966838D52F808F7200F6C07B /* Build configuration list for PBXNativeTarget "Isometric Contributions" */;
			buildPhases = (
				966838A82F808F7100F6C07B /* Sources */,
				966838A92F808F7100F6C07B /* Frameworks */,
				966838AA2F808F7100F6C07B /* Resources */,
				966838D42F808F7200F6C07B /* Embed Foundation Extensions */,
			);
			buildRules = (
			);
			dependencies = (
				966838CA2F808F7200F6C07B /* PBXTargetDependency */,
			);
			name = "Isometric Contributions";
			packageProductDependencies = (
			);
			productName = "Isometric Contributions";
			productReference = 966838AC2F808F7100F6C07B /* Isometric Contributions.app */;
			productType = "com.apple.product-type.application";
		};
		966838C62F808F7200F6C07B /* Isometric Contributions Extension */ = {
			isa = PBXNativeTarget;
			buildConfigurationList = 966838D12F808F7200F6C07B /* Build configuration list for PBXNativeTarget "Isometric Contributions Extension" */;
			buildPhases = (
				966838C32F808F7200F6C07B /* Sources */,
				966838C42F808F7200F6C07B /* Frameworks */,
				966838C52F808F7200F6C07B /* Resources */,
			);
			buildRules = (
			);
			dependencies = (
			);
			name = "Isometric Contributions Extension";
			packageProductDependencies = (
			);
			productName = "Isometric Contributions Extension";
			productReference = 966838C72F808F7200F6C07B /* Isometric Contributions Extension.appex */;
			productType = "com.apple.product-type.app-extension";
		};
/* End PBXNativeTarget section */

/* Begin PBXProject section */
		966838A42F808F7100F6C07B /* Project object */ = {
			isa = PBXProject;
			attributes = {
				BuildIndependentTargetsInParallel = 1;
				LastSwiftUpdateCheck = 2640;
				LastUpgradeCheck = 2640;
				TargetAttributes = {
					966838AB2F808F7100F6C07B = {
						CreatedOnToolsVersion = 26.4;
					};
					966838C62F808F7200F6C07B = {
						CreatedOnToolsVersion = 26.4;
					};
				};
			};
			buildConfigurationList = 966838A72F808F7100F6C07B /* Build configuration list for PBXProject "Isometric Contributions" */;
			developmentRegion = en;
			hasScannedForEncodings = 0;
			knownRegions = (
				en,
				Base,
			);
			mainGroup = 966838A32F808F7100F6C07B;
			minimizedProjectReferenceProxies = 1;
			preferredProjectObjectVersion = 77;
			productRefGroup = 966838AD2F808F7100F6C07B /* Products */;
			projectDirPath = "";
			projectRoot = "";
			targets = (
				966838AB2F808F7100F6C07B /* Isometric Contributions */,
				966838C62F808F7200F6C07B /* Isometric Contributions Extension */,
			);
		};
/* End PBXProject section */

/* Begin PBXResourcesBuildPhase section */
		966838AA2F808F7100F6C07B /* Resources */ = {
			isa = PBXResourcesBuildPhase;
			buildActionMask = 2147483647;
			files = (
				966838B62F808F7100F6C07B /* Icon.png in Resources */,
				966838BF2F808F7100F6C07B /* Main.storyboard in Resources */,
				966838BA2F808F7100F6C07B /* Script.js in Resources */,
				966838B42F808F7100F6C07B /* Main.html in Resources */,
				966838C12F808F7200F6C07B /* Assets.xcassets in Resources */,
				966838B82F808F7100F6C07B /* Style.css in Resources */,
			);
			runOnlyForDeploymentPostprocessing = 0;
		};
		966838C52F808F7200F6C07B /* Resources */ = {
			isa = PBXResourcesBuildPhase;
			buildActionMask = 2147483647;
			files = (
				966838E62F808F7200F6C07B /* iso.css in Resources */,
				966838EA2F808F7200F6C07B /* icon-128.png in Resources */,
				966838E52F808F7200F6C07B /* iso.js in Resources */,
				966838E32F808F7200F6C07B /* icon-48.png in Resources */,
				966838E72F808F7200F6C07B /* manifest.json in Resources */,
				966838E22F808F7200F6C07B /* obelisk.min.js in Resources */,
			);
			runOnlyForDeploymentPostprocessing = 0;
		};
/* End PBXResourcesBuildPhase section */

/* Begin PBXSourcesBuildPhase section */
		966838A82F808F7100F6C07B /* Sources */ = {
			isa = PBXSourcesBuildPhase;
			buildActionMask = 2147483647;
			files = (
				966838BC2F808F7100F6C07B /* ViewController.swift in Sources */,
				966838B02F808F7100F6C07B /* AppDelegate.swift in Sources */,
			);
			runOnlyForDeploymentPostprocessing = 0;
		};
		966838C32F808F7200F6C07B /* Sources */ = {
			isa = PBXSourcesBuildPhase;
			buildActionMask = 2147483647;
			files = (
				966838CD2F808F7200F6C07B /* SafariWebExtensionHandler.swift in Sources */,
			);
			runOnlyForDeploymentPostprocessing = 0;
		};
/* End PBXSourcesBuildPhase section */

/* Begin PBXTargetDependency section */
		966838CA2F808F7200F6C07B /* PBXTargetDependency */ = {
			isa = PBXTargetDependency;
			target = 966838C62F808F7200F6C07B /* Isometric Contributions Extension */;
			targetProxy = 966838C92F808F7200F6C07B /* PBXContainerItemProxy */;
		};
/* End PBXTargetDependency section */

/* Begin PBXVariantGroup section */
		966838B22F808F7100F6C07B /* Main.html */ = {
			isa = PBXVariantGroup;
			children = (
				966838B32F808F7100F6C07B /* Base */,
			);
			name = Main.html;
			sourceTree = "<group>";
		};
		966838BD2F808F7100F6C07B /* Main.storyboard */ = {
			isa = PBXVariantGroup;
			children = (
				966838BE2F808F7100F6C07B /* Base */,
			);
			name = Main.storyboard;
			sourceTree = "<group>";
		};
/* End PBXVariantGroup section */

/* Begin XCBuildConfiguration section */
		966838CF2F808F7200F6C07B /* Debug */ = {
			isa = XCBuildConfiguration;
			buildSettings = {
				ALWAYS_SEARCH_USER_PATHS = NO;
				ASSETCATALOG_COMPILER_GENERATE_SWIFT_ASSET_SYMBOL_EXTENSIONS = YES;
				CLANG_ANALYZER_NONNULL = YES;
				CLANG_ANALYZER_NUMBER_OBJECT_CONVERSION = YES_AGGRESSIVE;
				CLANG_CXX_LANGUAGE_STANDARD = "gnu++20";
				CLANG_ENABLE_MODULES = YES;
				CLANG_ENABLE_OBJC_ARC = YES;
				CLANG_ENABLE_OBJC_WEAK = YES;
				CLANG_WARN_BLOCK_CAPTURE_AUTORELEASING = YES;
				CLANG_WARN_BOOL_CONVERSION = YES;
				CLANG_WARN_COMMA = YES;
				CLANG_WARN_CONSTANT_CONVERSION = YES;
				CLANG_WARN_DEPRECATED_OBJC_IMPLEMENTATIONS = YES;
				CLANG_WARN_DIRECT_OBJC_ISA_USAGE = YES_ERROR;
				CLANG_WARN_DOCUMENTATION_COMMENTS = YES;
				CLANG_WARN_EMPTY_BODY = YES;
				CLANG_WARN_ENUM_CONVERSION = YES;
				CLANG_WARN_INFINITE_RECURSION = YES;
				CLANG_WARN_INT_CONVERSION = YES;
				CLANG_WARN_NON_LITERAL_NULL_CONVERSION = YES;
				CLANG_WARN_OBJC_IMPLICIT_RETAIN_SELF = YES;
				CLANG_WARN_OBJC_LITERAL_CONVERSION = YES;
				CLANG_WARN_OBJC_ROOT_CLASS = YES_ERROR;
				CLANG_WARN_QUOTED_INCLUDE_IN_FRAMEWORK_HEADER = YES;
				CLANG_WARN_RANGE_LOOP_ANALYSIS = YES;
				CLANG_WARN_STRICT_PROTOTYPES = YES;
				CLANG_WARN_SUSPICIOUS_MOVE = YES;
				CLANG_WARN_UNGUARDED_AVAILABILITY = YES_AGGRESSIVE;
				CLANG_WARN_UNREACHABLE_CODE = YES;
				CLANG_WARN__DUPLICATE_METHOD_MATCH = YES;
				COPY_PHASE_STRIP = NO;
				DEBUG_INFORMATION_FORMAT = dwarf;
				ENABLE_STRICT_OBJC_MSGSEND = YES;
				ENABLE_TESTABILITY = YES;
				ENABLE_USER_SCRIPT_SANDBOXING = YES;
				GCC_C_LANGUAGE_STANDARD = gnu17;
				GCC_DYNAMIC_NO_PIC = NO;
				GCC_NO_COMMON_BLOCKS = YES;
				GCC_OPTIMIZATION_LEVEL = 0;
				GCC_PREPROCESSOR_DEFINITIONS = (
					"DEBUG=1",
					"$(inherited)",
				);
				GCC_WARN_64_TO_32_BIT_CONVERSION = YES;
				GCC_WARN_ABOUT_RETURN_TYPE = YES_ERROR;
				GCC_WARN_UNDECLARED_SELECTOR = YES;
				GCC_WARN_UNINITIALIZED_AUTOS = YES_AGGRESSIVE;
				GCC_WARN_UNUSED_FUNCTION = YES;
				GCC_WARN_UNUSED_VARIABLE = YES;
				LOCALIZATION_PREFERS_STRING_CATALOGS = YES;
				MACOSX_DEPLOYMENT_TARGET = 13.0;
				MTL_ENABLE_DEBUG_INFO = INCLUDE_SOURCE;
				MTL_FAST_MATH = YES;
				ONLY_ACTIVE_ARCH = YES;
				SDKROOT = macosx;
				SWIFT_ACTIVE_COMPILATION_CONDITIONS = "DEBUG $(inherited)";
				SWIFT_OPTIMIZATION_LEVEL = "-Onone";
			};
			name = Debug;
		};
		966838D02F808F7200F6C07B /* Release */ = {
			isa = XCBuildConfiguration;
			buildSettings = {
				ALWAYS_SEARCH_USER_PATHS = NO;
				ASSETCATALOG_COMPILER_GENERATE_SWIFT_ASSET_SYMBOL_EXTENSIONS = YES;
				CLANG_ANALYZER_NONNULL = YES;
				CLANG_ANALYZER_NUMBER_OBJECT_CONVERSION = YES_AGGRESSIVE;
				CLANG_CXX_LANGUAGE_STANDARD = "gnu++20";
				CLANG_ENABLE_MODULES = YES;
				CLANG_ENABLE_OBJC_ARC = YES;
				CLANG_ENABLE_OBJC_WEAK = YES;
				CLANG_WARN_BLOCK_CAPTURE_AUTORELEASING = YES;
				CLANG_WARN_BOOL_CONVERSION = YES;
				CLANG_WARN_COMMA = YES;
				CLANG_WARN_CONSTANT_CONVERSION = YES;
				CLANG_WARN_DEPRECATED_OBJC_IMPLEMENTATIONS = YES;
				CLANG_WARN_DIRECT_OBJC_ISA_USAGE = YES_ERROR;
				CLANG_WARN_DOCUMENTATION_COMMENTS = YES;
				CLANG_WARN_EMPTY_BODY = YES;
				CLANG_WARN_ENUM_CONVERSION = YES;
				CLANG_WARN_INFINITE_RECURSION = YES;
				CLANG_WARN_INT_CONVERSION = YES;
				CLANG_WARN_NON_LITERAL_NULL_CONVERSION = YES;
				CLANG_WARN_OBJC_IMPLICIT_RETAIN_SELF = YES;
				CLANG_WARN_OBJC_LITERAL_CONVERSION = YES;
				CLANG_WARN_OBJC_ROOT_CLASS = YES_ERROR;
				CLANG_WARN_QUOTED_INCLUDE_IN_FRAMEWORK_HEADER = YES;
				CLANG_WARN_RANGE_LOOP_ANALYSIS = YES;
				CLANG_WARN_STRICT_PROTOTYPES = YES;
				CLANG_WARN_SUSPICIOUS_MOVE = YES;
				CLANG_WARN_UNGUARDED_AVAILABILITY = YES_AGGRESSIVE;
				CLANG_WARN_UNREACHABLE_CODE = YES;
				CLANG_WARN__DUPLICATE_METHOD_MATCH = YES;
				COPY_PHASE_STRIP = NO;
				DEBUG_INFORMATION_FORMAT = "dwarf-with-dsym";
				ENABLE_NS_ASSERTIONS = NO;
				ENABLE_STRICT_OBJC_MSGSEND = YES;
				ENABLE_USER_SCRIPT_SANDBOXING = YES;
				GCC_C_LANGUAGE_STANDARD = gnu17;
				GCC_NO_COMMON_BLOCKS = YES;
				GCC_WARN_64_TO_32_BIT_CONVERSION = YES;
				GCC_WARN_ABOUT_RETURN_TYPE = YES_ERROR;
				GCC_WARN_UNDECLARED_SELECTOR = YES;
				GCC_WARN_UNINITIALIZED_AUTOS = YES_AGGRESSIVE;
				GCC_WARN_UNUSED_FUNCTION = YES;
				GCC_WARN_UNUSED_VARIABLE = YES;
				LOCALIZATION_PREFERS_STRING_CATALOGS = YES;
				MACOSX_DEPLOYMENT_TARGET = 13.0;
				MTL_ENABLE_DEBUG_INFO = NO;
				MTL_FAST_MATH = YES;
				SDKROOT = macosx;
				SWIFT_COMPILATION_MODE = wholemodule;
			};
			name = Release;
		};
		966838D22F808F7200F6C07B /* Debug */ = {
			isa = XCBuildConfiguration;
			buildSettings = {
				CODE_SIGN_STYLE = Automatic;
				CURRENT_PROJECT_VERSION = 1;
				ENABLE_APP_SANDBOX = YES;
				ENABLE_HARDENED_RUNTIME = YES;
				ENABLE_USER_SELECTED_FILES = readonly;
				GENERATE_INFOPLIST_FILE = YES;
				INFOPLIST_FILE = "Isometric Contributions Extension/Info.plist";
				INFOPLIST_KEY_CFBundleDisplayName = "Isometric Contributions Extension";
				INFOPLIST_KEY_NSHumanReadableCopyright = "";
				LD_RUNPATH_SEARCH_PATHS = (
					"$(inherited)",
					"@executable_path/../Frameworks",
					"@executable_path/../../../../Frameworks",
				);
				MACOSX_DEPLOYMENT_TARGET = 13.0;
				MARKETING_VERSION = 1.2.3;
				OTHER_LDFLAGS = (
					"-framework",
					SafariServices,
				);
				PRODUCT_BUNDLE_IDENTIFIER = "me.jasonlong.isometric-contributions.Extension";
				PRODUCT_NAME = "$(TARGET_NAME)";
				SKIP_INSTALL = YES;
				STRING_CATALOG_GENERATE_SYMBOLS = YES;
				SWIFT_APPROACHABLE_CONCURRENCY = YES;
				SWIFT_EMIT_LOC_STRINGS = YES;
				SWIFT_UPCOMING_FEATURE_MEMBER_IMPORT_VISIBILITY = YES;
				SWIFT_VERSION = 5.0;
			};
			name = Debug;
		};
		966838D32F808F7200F6C07B /* Release */ = {
			isa = XCBuildConfiguration;
			buildSettings = {
				CODE_SIGN_STYLE = Automatic;
				CURRENT_PROJECT_VERSION = 1;
				ENABLE_APP_SANDBOX = YES;
				ENABLE_HARDENED_RUNTIME = YES;
				ENABLE_USER_SELECTED_FILES = readonly;
				GENERATE_INFOPLIST_FILE = YES;
				INFOPLIST_FILE = "Isometric Contributions Extension/Info.plist";
				INFOPLIST_KEY_CFBundleDisplayName = "Isometric Contributions Extension";
				INFOPLIST_KEY_NSHumanReadableCopyright = "";
				LD_RUNPATH_SEARCH_PATHS = (
					"$(inherited)",
					"@executable_path/../Frameworks",
					"@executable_path/../../../../Frameworks",
				);
				MACOSX_DEPLOYMENT_TARGET = 13.0;
				MARKETING_VERSION = 1.2.3;
				OTHER_LDFLAGS = (
					"-framework",
					SafariServices,
				);
				CODE_SIGN_INJECT_BASE_ENTITLEMENTS = NO;
				PROVISIONING_PROFILE_SPECIFIER = "Isometric Contributions Extension App Store";
				PRODUCT_BUNDLE_IDENTIFIER = "me.jasonlong.isometric-contributions.Extension";
				PRODUCT_NAME = "$(TARGET_NAME)";
				SKIP_INSTALL = YES;
				STRING_CATALOG_GENERATE_SYMBOLS = YES;
				SWIFT_APPROACHABLE_CONCURRENCY = YES;
				SWIFT_EMIT_LOC_STRINGS = YES;
				SWIFT_UPCOMING_FEATURE_MEMBER_IMPORT_VISIBILITY = YES;
				SWIFT_VERSION = 5.0;
			};
			name = Release;
		};
		966838D62F808F7200F6C07B /* Debug */ = {
			isa = XCBuildConfiguration;
			buildSettings = {
				ASSETCATALOG_COMPILER_APPICON_NAME = AppIcon;
				ASSETCATALOG_COMPILER_GLOBAL_ACCENT_COLOR_NAME = AccentColor;
				CODE_SIGN_STYLE = Automatic;
				COMBINE_HIDPI_IMAGES = YES;
				CURRENT_PROJECT_VERSION = 1;
				ENABLE_APP_SANDBOX = YES;
				ENABLE_HARDENED_RUNTIME = YES;
				ENABLE_OUTGOING_NETWORK_CONNECTIONS = YES;
				ENABLE_USER_SELECTED_FILES = readonly;
				GENERATE_INFOPLIST_FILE = YES;
				INFOPLIST_FILE = "Isometric Contributions/Info.plist";
				INFOPLIST_KEY_CFBundleDisplayName = "Isometric Contributions";
				INFOPLIST_KEY_NSHumanReadableCopyright = "";
				INFOPLIST_KEY_NSMainStoryboardFile = Main;
				INFOPLIST_KEY_NSPrincipalClass = NSApplication;
				LD_RUNPATH_SEARCH_PATHS = (
					"$(inherited)",
					"@executable_path/../Frameworks",
				);
				MARKETING_VERSION = 1.2.3;
				OTHER_LDFLAGS = (
					"-framework",
					SafariServices,
					"-framework",
					WebKit,
				);
				PRODUCT_BUNDLE_IDENTIFIER = "me.jasonlong.isometric-contributions";
				PRODUCT_NAME = "$(TARGET_NAME)";
				REGISTER_APP_GROUPS = YES;
				STRING_CATALOG_GENERATE_SYMBOLS = YES;
				SWIFT_APPROACHABLE_CONCURRENCY = YES;
				SWIFT_DEFAULT_ACTOR_ISOLATION = MainActor;
				SWIFT_EMIT_LOC_STRINGS = YES;
				SWIFT_UPCOMING_FEATURE_MEMBER_IMPORT_VISIBILITY = YES;
				SWIFT_VERSION = 5.0;
			};
			name = Debug;
		};
		966838D72F808F7200F6C07B /* Release */ = {
			isa = XCBuildConfiguration;
			buildSettings = {
				ASSETCATALOG_COMPILER_APPICON_NAME = AppIcon;
				ASSETCATALOG_COMPILER_GLOBAL_ACCENT_COLOR_NAME = AccentColor;
				CODE_SIGN_STYLE = Automatic;
				COMBINE_HIDPI_IMAGES = YES;
				CURRENT_PROJECT_VERSION = 1;
				ENABLE_APP_SANDBOX = YES;
				ENABLE_HARDENED_RUNTIME = YES;
				ENABLE_OUTGOING_NETWORK_CONNECTIONS = YES;
				ENABLE_USER_SELECTED_FILES = readonly;
				GENERATE_INFOPLIST_FILE = YES;
				INFOPLIST_FILE = "Isometric Contributions/Info.plist";
				INFOPLIST_KEY_CFBundleDisplayName = "Isometric Contributions";
				INFOPLIST_KEY_NSHumanReadableCopyright = "";
				INFOPLIST_KEY_NSMainStoryboardFile = Main;
				INFOPLIST_KEY_NSPrincipalClass = NSApplication;
				LD_RUNPATH_SEARCH_PATHS = (
					"$(inherited)",
					"@executable_path/../Frameworks",
				);
				MARKETING_VERSION = 1.2.3;
				OTHER_LDFLAGS = (
					"-framework",
					SafariServices,
					"-framework",
					WebKit,
				);
				CODE_SIGN_INJECT_BASE_ENTITLEMENTS = NO;
				PROVISIONING_PROFILE_SPECIFIER = "Isometric Contributions App Store";
				PRODUCT_BUNDLE_IDENTIFIER = "me.jasonlong.isometric-contributions";
				PRODUCT_NAME = "$(TARGET_NAME)";
				REGISTER_APP_GROUPS = YES;
				STRING_CATALOG_GENERATE_SYMBOLS = YES;
				SWIFT_APPROACHABLE_CONCURRENCY = YES;
				SWIFT_DEFAULT_ACTOR_ISOLATION = MainActor;
				SWIFT_EMIT_LOC_STRINGS = YES;
				SWIFT_UPCOMING_FEATURE_MEMBER_IMPORT_VISIBILITY = YES;
				SWIFT_VERSION = 5.0;
			};
			name = Release;
		};
/* End XCBuildConfiguration section */

/* Begin XCConfigurationList section */
		966838A72F808F7100F6C07B /* Build configuration list for PBXProject "Isometric Contributions" */ = {
			isa = XCConfigurationList;
			buildConfigurations = (
				966838CF2F808F7200F6C07B /* Debug */,
				966838D02F808F7200F6C07B /* Release */,
			);
			defaultConfigurationIsVisible = 0;
			defaultConfigurationName = Release;
		};
		966838D12F808F7200F6C07B /* Build configuration list for PBXNativeTarget "Isometric Contributions Extension" */ = {
			isa = XCConfigurationList;
			buildConfigurations = (
				966838D22F808F7200F6C07B /* Debug */,
				966838D32F808F7200F6C07B /* Release */,
			);
			defaultConfigurationIsVisible = 0;
			defaultConfigurationName = Release;
		};
		966838D52F808F7200F6C07B /* Build configuration list for PBXNativeTarget "Isometric Contributions" */ = {
			isa = XCConfigurationList;
			buildConfigurations = (
				966838D62F808F7200F6C07B /* Debug */,
				966838D72F808F7200F6C07B /* Release */,
			);
			defaultConfigurationIsVisible = 0;
			defaultConfigurationName = Release;
		};
/* End XCConfigurationList section */
	};
	rootObject = 966838A42F808F7100F6C07B /* Project object */;
}
